
Microsoft Visual Studio Solution File, Format Version 12.00
Project("{FAE04EC0-301F-11D3-BF4B-00C04F79EFBC}") = "SimpleExample", "SimpleExample\SimpleExample.csproj", "{B76B509C-7EE9-44E1-92DC-93FE3D695CB0}"
EndProject
Global
	GlobalSection(SolutionConfigurationPlatforms) = preSolution
		Debug|Any CPU = Debug|Any CPU
		Release|Any CPU = Release|Any CPU
	EndGlobalSection
	GlobalSection(ProjectConfigurationPlatforms) = postSolution
		{B76B509C-7EE9-44E1-92DC-93FE3D695CB0}.Debug|Any CPU.ActiveCfg = Debug|Any CPU
		{B76B509C-7EE9-44E1-92DC-93FE3D695CB0}.Debug|Any CPU.Build.0 = Debug|Any CPU
		{B76B509C-7EE9-44E1-92DC-93FE3D695CB0}.Release|Any CPU.ActiveCfg = Release|Any CPU
		{B76B509C-7EE9-44E1-92DC-93FE3D695CB0}.Release|Any CPU.Build.0 = Release|Any CPU
	EndGlobalSection
EndGlobal
