
Microsoft Visual Studio Solution File, Format Version 12.00
Project("{FAE04EC0-301F-11D3-BF4B-00C04F79EFBC}") = "First", "First\First.csproj", "{1DC31586-292D-411C-946D-D1BA4801C5F1}"
EndProject
Project("{FAE04EC0-301F-11D3-BF4B-00C04F79EFBC}") = "Second", "Second\Second.csproj", "{3E6B1986-383D-4C15-85F7-FE9D2F919E06}"
EndProject
Project("{FAE04EC0-301F-11D3-BF4B-00C04F79EFBC}") = "Third", "Third\Third.csproj", "{64682206-8AC9-42C5-9A82-17858B15A698}"
EndProject
Project("{FAE04EC0-301F-11D3-BF4B-00C04F79EFBC}") = "LightStepDemo", "LightStepDemo\LightStepDemo.csproj", "{6D4728CE-9CCE-4922-8BDF-5C81F7130AF5}"
EndProject
Project("{2150E333-8FDC-42A3-9474-1A3956D46DE8}") = "otherdemos", "otherdemos", "{FA4D46C4-9449-4E95-8EEB-C0CD559FFF19}"
EndProject
Global
	GlobalSection(SolutionConfigurationPlatforms) = preSolution
		Debug|Any CPU = Debug|Any CPU
		Release|Any CPU = Release|Any CPU
	EndGlobalSection
	GlobalSection(ProjectConfigurationPlatforms) = postSolution
		{1DC31586-292D-411C-946D-D1BA4801C5F1}.Debug|Any CPU.ActiveCfg = Debug|Any CPU
		{1DC31586-292D-411C-946D-D1BA4801C5F1}.Debug|Any CPU.Build.0 = Debug|Any CPU
		{1DC31586-292D-411C-946D-D1BA4801C5F1}.Release|Any CPU.ActiveCfg = Release|Any CPU
		{1DC31586-292D-411C-946D-D1BA4801C5F1}.Release|Any CPU.Build.0 = Release|Any CPU
		{3E6B1986-383D-4C15-85F7-FE9D2F919E06}.Debug|Any CPU.ActiveCfg = Debug|Any CPU
		{3E6B1986-383D-4C15-85F7-FE9D2F919E06}.Debug|Any CPU.Build.0 = Debug|Any CPU
		{3E6B1986-383D-4C15-85F7-FE9D2F919E06}.Release|Any CPU.ActiveCfg = Release|Any CPU
		{3E6B1986-383D-4C15-85F7-FE9D2F919E06}.Release|Any CPU.Build.0 = Release|Any CPU
		{64682206-8AC9-42C5-9A82-17858B15A698}.Debug|Any CPU.ActiveCfg = Debug|Any CPU
		{64682206-8AC9-42C5-9A82-17858B15A698}.Debug|Any CPU.Build.0 = Debug|Any CPU
		{64682206-8AC9-42C5-9A82-17858B15A698}.Release|Any CPU.ActiveCfg = Release|Any CPU
		{64682206-8AC9-42C5-9A82-17858B15A698}.Release|Any CPU.Build.0 = Release|Any CPU
		{6D4728CE-9CCE-4922-8BDF-5C81F7130AF5}.Debug|Any CPU.ActiveCfg = Debug|Any CPU
		{6D4728CE-9CCE-4922-8BDF-5C81F7130AF5}.Debug|Any CPU.Build.0 = Debug|Any CPU
		{6D4728CE-9CCE-4922-8BDF-5C81F7130AF5}.Release|Any CPU.ActiveCfg = Release|Any CPU
		{6D4728CE-9CCE-4922-8BDF-5C81F7130AF5}.Release|Any CPU.Build.0 = Release|Any CPU
	EndGlobalSection
	GlobalSection(NestedProjects) = preSolution
		{6D4728CE-9CCE-4922-8BDF-5C81F7130AF5} = {FA4D46C4-9449-4E95-8EEB-C0CD559FFF19}
	EndGlobalSection
EndGlobal
